
Microsoft Visual Studio Solution File, Format Version 12.00
# Visual Studio Version 16
VisualStudioVersion = 16.0.31129.286
MinimumVisualStudioVersion = 10.0.40219.1
Project("{9A19103F-16F7-4668-BE54-9A1E7A4F7556}") = "src", "LandingPage\src.csproj", "{053A9182-7AB4-4F65-A450-439FEC3C94CC}"
EndProject
Project("{FAE04EC0-301F-11D3-BF4B-00C04F79EFBC}") = "LandingPageTest", "LandingPageTest\LandingPageTest.csproj", "{73552A0A-D49D-4032-B06C-105915ECD5BF}"
EndProject
Global
	GlobalSection(SolutionConfigurationPlatforms) = preSolution
		Debug|Any CPU = Debug|Any CPU
		Release|Any CPU = Release|Any CPU
	EndGlobalSection
	GlobalSection(ProjectConfigurationPlatforms) = postSolution
		{053A9182-7AB4-4F65-A450-439FEC3C94CC}.Debug|Any CPU.ActiveCfg = Debug|Any CPU
		{053A9182-7AB4-4F65-A450-439FEC3C94CC}.Debug|Any CPU.Build.0 = Debug|Any CPU
		{053A9182-7AB4-4F65-A450-439FEC3C94CC}.Release|Any CPU.ActiveCfg = Release|Any CPU
		{053A9182-7AB4-4F65-A450-439FEC3C94CC}.Release|Any CPU.Build.0 = Release|Any CPU
		{73552A0A-D49D-4032-B06C-105915ECD5BF}.Debug|Any CPU.ActiveCfg = Debug|Any CPU
		{73552A0A-D49D-4032-B06C-105915ECD5BF}.Debug|Any CPU.Build.0 = Debug|Any CPU
		{73552A0A-D49D-4032-B06C-105915ECD5BF}.Release|Any CPU.ActiveCfg = Release|Any CPU
		{73552A0A-D49D-4032-B06C-105915ECD5BF}.Release|Any CPU.Build.0 = Release|Any CPU
	EndGlobalSection
	GlobalSection(SolutionProperties) = preSolution
		HideSolutionNode = FALSE
	EndGlobalSection
	GlobalSection(ExtensibilityGlobals) = postSolution
		SolutionGuid = {EF4E97A4-6689-4703-8C9F-EDB5155AC788}
	EndGlobalSection
EndGlobal
